<?xml version="1.0" encoding="utf-8"?>
<Project ToolsVersion="4.0" xmlns="http://schemas.microsoft.com/developer/msbuild/2003">
  <ItemGroup>
    <Filter Include="ソース ファイル">
      <UniqueIdentifier>{4FC737F1-C7A5-4376-A066-2A32D752A2FF}</UniqueIdentifier>
      <Extensions>cpp;c;cc;cxx;c++;cppm;ixx;def;odl;idl;hpj;bat;asm;asmx</Extensions>
    </Filter>
    <Filter Include="ヘッダー ファイル">
      <UniqueIdentifier>{93995380-89BD-4b04-88EB-625FBE52EBFB}</UniqueIdentifier>
      <Extensions>h;hh;hpp;hxx;h++;hm;inl;inc;ipp;xsd</Extensions>
    </Filter>
    <Filter Include="リソース ファイル">
      <UniqueIdentifier>{67DA6AB6-F800-4c08-8B7A-83BB121AAD01}</UniqueIdentifier>
      <Extensions>rc;ico;cur;bmp;dlg;rc2;rct;bin;rgs;gif;jpg;jpeg;jpe;resx;tiff;tif;png;wav;mfcribbon-ms</Extensions>
    </Filter>
    <Filter Include="ソース ファイル\scenes">
      <UniqueIdentifier>{f82b8819-0590-4934-ad72-4fba1e774cf0}</UniqueIdentifier>
    </Filter>
    <Filter Include="ヘッダー ファイル\scenes">
      <UniqueIdentifier>{50edf820-2bc1-4262-8982-2bcc5533efb0}</UniqueIdentifier>
    </Filter>
    <Filter Include="ヘッダー ファイル\components">
      <UniqueIdentifier>{15504a63-c86e-4500-9195-840c432739a5}</UniqueIdentifier>
    </Filter>
    <Filter Include="ソース ファイル\components">
      <UniqueIdentifier>{8c817f42-aa0d-4ba5-a284-23badbf0dceb}</UniqueIdentifier>
    </Filter>
    <Filter Include="ヘッダー ファイル\components\enemies">
      <UniqueIdentifier>{dfb7b172-cc4e-4f41-8a9f-5e43c2a3da7b}</UniqueIdentifier>
    </Filter>
    <Filter Include="ソース ファイル\components\enemies">
      <UniqueIdentifier>{2ccfea81-30b6-4902-afa0-600cc5ba46b2}</UniqueIdentifier>
    </Filter>
    <Filter Include="ソース ファイル\assets">
      <UniqueIdentifier>{ea3eece4-891c-408c-b479-71b39431349e}</UniqueIdentifier>
    </Filter>
    <Filter Include="ヘッダー ファイル\assets">
      <UniqueIdentifier>{84702469-010d-4b13-b440-805640582cea}</UniqueIdentifier>
    </Filter>
    <Filter Include="ソース ファイル\components\enemy_attack">
      <UniqueIdentifier>{d7d2e033-6031-4a6a-9e44-3f3ebe6b06f8}</UniqueIdentifier>
    </Filter>
    <Filter Include="ヘッダー ファイル\components\enemy_attack">
      <UniqueIdentifier>{605eb99f-986b-4b43-ad9d-fc5a5a6b6fe9}</UniqueIdentifier>
    </Filter>
    <Filter Include="ソース ファイル\components\effects">
      <UniqueIdentifier>{f4468917-b6cd-4166-9244-d05aebff8714}</UniqueIdentifier>
    </Filter>
    <Filter Include="ヘッダー ファイル\components\effects">
      <UniqueIdentifier>{ba0b5b1a-1ac4-4a02-acde-c6523a6ca935}</UniqueIdentifier>
    </Filter>
    <Filter Include="ソース ファイル\components\items">
      <UniqueIdentifier>{ea1d32c6-b98a-4e1f-9b20-62c801122c81}</UniqueIdentifier>
    </Filter>
    <Filter Include="ヘッダー ファイル\components\items">
      <UniqueIdentifier>{42c41bdb-88ac-47f0-bff6-60874a496744}</UniqueIdentifier>
    </Filter>
    <Filter Include="ヘッダー ファイル\titlemenu">
      <UniqueIdentifier>{020190c0-46da-454b-ac64-87bb00de8ff0}</UniqueIdentifier>
    </Filter>
    <Filter Include="ソース ファイル\titlemenu">
      <UniqueIdentifier>{3a35b6f6-4953-48e7-bf5f-78b8c78f38d4}</UniqueIdentifier>
    </Filter>
    <Filter Include="ヘッダー ファイル\background">
      <UniqueIdentifier>{8a13a825-0803-4d7c-b4fb-c5e73e983c29}</UniqueIdentifier>
    </Filter>
    <Filter Include="ソース ファイル\background">
      <UniqueIdentifier>{96e89e09-4fd4-4411-833f-ff2f4abc8a3d}</UniqueIdentifier>
    </Filter>
    <Filter Include="ソース ファイル\components\boss">
      <UniqueIdentifier>{b2c54c8e-72a9-4999-b635-34335fa21cb6}</UniqueIdentifier>
    </Filter>
    <Filter Include="ヘッダー ファイル\components\boss">
      <UniqueIdentifier>{7826cdd2-4e63-4eae-a28a-62b32e6da1e4}</UniqueIdentifier>
    </Filter>
  </ItemGroup>
  <ItemGroup>
    <ClCompile Include="source\game_system.cpp">
      <Filter>ソース ファイル</Filter>
    </ClCompile>
    <ClCompile Include="source\main.cpp">
      <Filter>ソース ファイル</Filter>
    </ClCompile>
    <ClCompile Include="source\looper.cpp">
      <Filter>ソース ファイル</Filter>
    </ClCompile>
    <ClCompile Include="source\global_define.cpp">
      <Filter>ソース ファイル</Filter>
    </ClCompile>
    <ClCompile Include="source\title_scene.cpp">
      <Filter>ソース ファイル\scenes</Filter>
    </ClCompile>
    <ClCompile Include="source\i_on_changed_listener.cpp">
      <Filter>ソース ファイル</Filter>
    </ClCompile>
    <ClCompile Include="source\error.cpp">
      <Filter>ソース ファイル</Filter>
    </ClCompile>
    <ClCompile Include="source\scene_parameter.cpp">
      <Filter>ソース ファイル</Filter>
    </ClCompile>
    <ClCompile Include="source\game_scene.cpp">
      <Filter>ソース ファイル\scenes</Filter>
    </ClCompile>
    <ClCompile Include="source\frame_rate_manager.cpp">
      <Filter>ソース ファイル</Filter>
    </ClCompile>
    <ClCompile Include="source\utils.cpp">
      <Filter>ソース ファイル</Filter>
    </ClCompile>
    <ClCompile Include="source\keyboard.cpp">
      <Filter>ソース ファイル</Filter>
    </ClCompile>
    <ClCompile Include="source\pad_input.cpp">
      <Filter>ソース ファイル</Filter>
    </ClCompile>
    <ClCompile Include="source\player.cpp">
      <Filter>ソース ファイル\components</Filter>
    </ClCompile>
    <ClCompile Include="source\euclid_vec.cpp">
      <Filter>ソース ファイル</Filter>
    </ClCompile>
    <ClCompile Include="source\board.cpp">
      <Filter>ソース ファイル\components</Filter>
    </ClCompile>
    <ClCompile Include="source\enemy_a.cpp">
      <Filter>ソース ファイル\components\enemies</Filter>
    </ClCompile>
    <ClCompile Include="source\image_manager.cpp">
      <Filter>ソース ファイル\assets</Filter>
    </ClCompile>
    <ClCompile Include="source\abstract_scene.cpp">
      <Filter>ソース ファイル</Filter>
    </ClCompile>
    <ClCompile Include="source\enemy_manager.cpp">
      <Filter>ソース ファイル\components\enemies</Filter>
    </ClCompile>
    <ClCompile Include="source\enemy_mover.cpp">
      <Filter>ソース ファイル\components\enemies</Filter>
    </ClCompile>
    <ClCompile Include="source\enemy_bullet.cpp">
      <Filter>ソース ファイル\components\enemy_attack</Filter>
    </ClCompile>
    <ClCompile Include="source\enemy_bullet_manager.cpp">
      <Filter>ソース ファイル\components\enemy_attack</Filter>
    </ClCompile>
    <ClCompile Include="source\enemy_attack.cpp">
      <Filter>ソース ファイル\components\enemy_attack</Filter>
    </ClCompile>
    <ClCompile Include="source\abstract_enemy.cpp">
      <Filter>ソース ファイル\components\enemies</Filter>
    </ClCompile>
    <ClCompile Include="source\player_bullet_manager.cpp">
      <Filter>ソース ファイル\components</Filter>
    </ClCompile>
    <ClCompile Include="source\player_bullet.cpp">
      <Filter>ソース ファイル\components</Filter>
    </ClCompile>
    <ClCompile Include="source\effect_manager.cpp">
      <Filter>ソース ファイル\components\effects</Filter>
    </ClCompile>
    <ClCompile Include="source\abstract_effect.cpp">
      <Filter>ソース ファイル\components\effects</Filter>
    </ClCompile>
    <ClCompile Include="source\destroy_enemy_effect.cpp">
      <Filter>ソース ファイル\components\effects</Filter>
    </ClCompile>
    <ClCompile Include="source\item_manager.cpp">
      <Filter>ソース ファイル\components\items</Filter>
    </ClCompile>
    <ClCompile Include="source\item.cpp">
      <Filter>ソース ファイル\components\items</Filter>
    </ClCompile>
    <ClCompile Include="source\display_mission_effect.cpp">
      <Filter>ソース ファイル\components\effects</Filter>
    </ClCompile>
    <ClCompile Include="source\bomb_effect.cpp">
      <Filter>ソース ファイル\components\effects</Filter>
    </ClCompile>
    <ClCompile Include="source\abstract_bg.cpp">
      <Filter>ソース ファイル\background</Filter>
    </ClCompile>
    <ClCompile Include="source\background.cpp">
      <Filter>ソース ファイル\background</Filter>
    </ClCompile>
    <ClCompile Include="source\fullscreen_picture.cpp">
      <Filter>ソース ファイル\background</Filter>
    </ClCompile>
  </ItemGroup>
  <ItemGroup>
    <ClInclude Include="source\game_system.hpp">
      <Filter>ヘッダー ファイル</Filter>
    </ClInclude>
    <ClInclude Include="source\looper.hpp">
      <Filter>ヘッダー ファイル</Filter>
    </ClInclude>
    <ClInclude Include="source\global_define.hpp">
      <Filter>ヘッダー ファイル</Filter>
    </ClInclude>
    <ClInclude Include="source\title_scene.hpp">
      <Filter>ヘッダー ファイル\scenes</Filter>
    </ClInclude>
    <ClInclude Include="source\i_on_changed_listener.hpp">
      <Filter>ヘッダー ファイル</Filter>
    </ClInclude>
    <ClInclude Include="source\scene.hpp">
      <Filter>ヘッダー ファイル</Filter>
    </ClInclude>
    <ClInclude Include="source\scene_parameter.hpp">
      <Filter>ヘッダー ファイル</Filter>
    </ClInclude>
    <ClInclude Include="source\error.hpp">
      <Filter>ヘッダー ファイル</Filter>
    </ClInclude>
    <ClInclude Include="source\game_scene.hpp">
      <Filter>ヘッダー ファイル\scenes</Filter>
    </ClInclude>
    <ClInclude Include="source\macro.hpp">
      <Filter>ヘッダー ファイル</Filter>
    </ClInclude>
    <ClInclude Include="source\frame_rate_manager.hpp">
      <Filter>ヘッダー ファイル</Filter>
    </ClInclude>
    <ClInclude Include="source\utils.hpp">
      <Filter>ヘッダー ファイル</Filter>
    </ClInclude>
    <ClInclude Include="source\singleton.hpp">
      <Filter>ヘッダー ファイル</Filter>
    </ClInclude>
    <ClInclude Include="source\keyboard.hpp">
      <Filter>ヘッダー ファイル</Filter>
    </ClInclude>
    <ClInclude Include="source\pad_input.hpp">
      <Filter>ヘッダー ファイル</Filter>
    </ClInclude>
    <ClInclude Include="source\task.hpp">
      <Filter>ヘッダー ファイル</Filter>
    </ClInclude>
    <ClInclude Include="source\player.hpp">
      <Filter>ヘッダー ファイル\components</Filter>
    </ClInclude>
    <ClInclude Include="source\euclid_vec.hpp">
      <Filter>ヘッダー ファイル</Filter>
    </ClInclude>
    <ClInclude Include="source\board.hpp">
      <Filter>ヘッダー ファイル\components</Filter>
    </ClInclude>
    <ClInclude Include="source\enemy_a.hpp">
      <Filter>ヘッダー ファイル\components\enemies</Filter>
    </ClInclude>
    <ClInclude Include="source\image_manager.hpp">
      <Filter>ヘッダー ファイル\assets</Filter>
    </ClInclude>
    <ClInclude Include="source\abstract_scene.hpp">
      <Filter>ヘッダー ファイル</Filter>
    </ClInclude>
    <ClInclude Include="source\enemy_manager.hpp">
      <Filter>ヘッダー ファイル\components\enemies</Filter>
    </ClInclude>
    <ClInclude Include="source\enemy_mover.hpp">
      <Filter>ヘッダー ファイル\components\enemies</Filter>
    </ClInclude>
    <ClInclude Include="source\enemy_bullet.hpp">
      <Filter>ヘッダー ファイル\components\enemy_attack</Filter>
    </ClInclude>
    <ClInclude Include="source\enemy_bullet_manager.hpp">
      <Filter>ヘッダー ファイル\components\enemy_attack</Filter>
    </ClInclude>
    <ClInclude Include="source\enemy_attack.hpp">
      <Filter>ヘッダー ファイル\components\enemy_attack</Filter>
    </ClInclude>
    <ClInclude Include="source\abstract_enemy.hpp">
      <Filter>ヘッダー ファイル\components\enemies</Filter>
    </ClInclude>
    <ClInclude Include="source\player_bullet_manager.hpp">
      <Filter>ヘッダー ファイル\components</Filter>
    </ClInclude>
    <ClInclude Include="source\player_bullet.hpp">
      <Filter>ヘッダー ファイル\components</Filter>
    </ClInclude>
    <ClInclude Include="source\effect_manager.hpp">
      <Filter>ヘッダー ファイル\components\effects</Filter>
    </ClInclude>
    <ClInclude Include="source\abstract_effect.hpp">
      <Filter>ヘッダー ファイル\components\effects</Filter>
    </ClInclude>
    <ClInclude Include="source\destroy_enemy_effect.hpp">
      <Filter>ヘッダー ファイル\components\effects</Filter>
    </ClInclude>
    <ClInclude Include="source\item_manager.hpp">
      <Filter>ヘッダー ファイル\components\items</Filter>
    </ClInclude>
    <ClInclude Include="source\item.hpp">
      <Filter>ヘッダー ファイル\components\items</Filter>
    </ClInclude>
    <ClInclude Include="source\display_mission_effect.hpp">
      <Filter>ヘッダー ファイル\components\effects</Filter>
    </ClInclude>
    <ClInclude Include="source\bomb_effect.hpp">
      <Filter>ヘッダー ファイル\components\effects</Filter>
    </ClInclude>
    <ClInclude Include="source\background.hpp">
      <Filter>ヘッダー ファイル\background</Filter>
    </ClInclude>
    <ClInclude Include="source\abstract_bg.hpp">
      <Filter>ヘッダー ファイル\background</Filter>
    </ClInclude>
    <ClInclude Include="source\fullscreen_picture.hpp">
      <Filter>ヘッダー ファイル\background</Filter>
    </ClInclude>
    <ClInclude Include="source\boss.hpp">
      <Filter>ヘッダー ファイル\components\boss</Filter>
    </ClInclude>
    <ClInclude Include="source\boss_attack.hpp">
      <Filter>ヘッダー ファイル\components\boss</Filter>
    </ClInclude>
    <ClInclude Include="source\boss_manager.hpp">
      <Filter>ヘッダー ファイル\components\boss</Filter>
    </ClInclude>
  </ItemGroup>
</Project>